
Microsoft Visual Studio Solution File, Format Version 12.00
# Visual Studio Version 16
VisualStudioVersion = 16.0.29519.87
MinimumVisualStudioVersion = 10.0.40219.1
Project("{FAE04EC0-301F-11D3-BF4B-00C04F79EFBC}") = "Lb8", "Lb8\Lb8.csproj", "{B44D3991-1116-4671-904E-846AE8C5DE10}"
EndProject
Global
	GlobalSection(SolutionConfigurationPlatforms) = preSolution
		Debug|Any CPU = Debug|Any CPU
		Release|Any CPU = Release|Any CPU
	EndGlobalSection
	GlobalSection(ProjectConfigurationPlatforms) = postSolution
		{B44D3991-1116-4671-904E-846AE8C5DE10}.Debug|Any CPU.ActiveCfg = Debug|Any CPU
		{B44D3991-1116-4671-904E-846AE8C5DE10}.Debug|Any CPU.Build.0 = Debug|Any CPU
		{B44D3991-1116-4671-904E-846AE8C5DE10}.Release|Any CPU.ActiveCfg = Release|Any CPU
		{B44D3991-1116-4671-904E-846AE8C5DE10}.Release|Any CPU.Build.0 = Release|Any CPU
	EndGlobalSection
	GlobalSection(SolutionProperties) = preSolution
		HideSolutionNode = FALSE
	EndGlobalSection
	GlobalSection(ExtensibilityGlobals) = postSolution
		SolutionGuid = {6C109EBB-A0C2-437C-85CF-DA3866001AFB}
	EndGlobalSection
EndGlobal
